// !$*UTF8*$!
{
	archiveVersion = 1;
	classes = {
	};
	objectVersion = 50;
	objects = {

/* Begin PBXBuildFile section */
		589300D320A3C6C20088E887 /* AppDelegate.swift in Sources */ = {isa = PBXBuildFile; fileRef = 589300D220A3C6C20088E887 /* AppDelegate.swift */; };
		589300D520A3C6C20088E887 /* ViewController.swift in Sources */ = {isa = PBXBuildFile; fileRef = 589300D420A3C6C20088E887 /* ViewController.swift */; };
		589300D820A3C6C20088E887 /* Main.storyboard in Resources */ = {isa = PBXBuildFile; fileRef = 589300D620A3C6C20088E887 /* Main.storyboard */; };
		589300DA20A3C6C30088E887 /* Assets.xcassets in Resources */ = {isa = PBXBuildFile; fileRef = 589300D920A3C6C30088E887 /* Assets.xcassets */; };
		589300DD20A3C6C30088E887 /* LaunchScreen.storyboard in Resources */ = {isa = PBXBuildFile; fileRef = 589300DB20A3C6C30088E887 /* LaunchScreen.storyboard */; };
/* End PBXBuildFile section */

/* Begin PBXFileReference section */
		589300CF20A3C6C20088E887 /* swift-objc-bridge.app */ = {isa = PBXFileReference; explicitFileType = wrapper.application; includeInIndex = 0; path = "swift-objc-bridge.app"; sourceTree = BUILT_PRODUCTS_DIR; };
		589300D220A3C6C20088E887 /* AppDelegate.swift */ = {isa = PBXFileReference; lastKnownFileType = sourcecode.swift; path = AppDelegate.swift; sourceTree = "<group>"; };
		589300D420A3C6C20088E887 /* ViewController.swift */ = {isa = PBXFileReference; lastKnownFileType = sourcecode.swift; path = ViewController.swift; sourceTree = "<group>"; };
		589300D720A3C6C20088E887 /* Base */ = {isa = PBXFileReference; lastKnownFileType = file.storyboard; name = Base; path = Base.lproj/Main.storyboard; sourceTree = "<group>"; };
		589300D920A3C6C30088E887 /* Assets.xcassets */ = {isa = PBXFileReference; lastKnownFileType = folder.assetcatalog; path = Assets.xcassets; sourceTree = "<group>"; };
		589300DC20A3C6C30088E887 /* Base */ = {isa = PBXFileReference; lastKnownFileType = file.storyboard; name = Base; path = Base.lproj/LaunchScreen.storyboard; sourceTree = "<group>"; };
		589300DE20A3C6C30088E887 /* Info.plist */ = {isa = PBXFileReference; lastKnownFileType = text.plist.xml; path = Info.plist; sourceTree = "<group>"; };
/* End PBXFileReference section */

/* Begin PBXFrameworksBuildPhase section */
		589300CC20A3C6C20088E887 /* Frameworks */ = {
			isa = PBXFrameworksBuildPhase;
			buildActionMask = 2147483647;
			files = (
			);
			runOnlyForDeploymentPostprocessing = 0;
		};
/* End PBXFrameworksBuildPhase section */

/* Begin PBXGroup section */
		589300C620A3C6C20088E887 = {
			isa = PBXGroup;
			children = (
				589300D120A3C6C20088E887 /* swift-objc-bridge */,
				589300D020A3C6C20088E887 /* Products */,
			);
			sourceTree = "<group>";
		};
		589300D020A3C6C20088E887 /* Products */ = {
			isa = PBXGroup;
			children = (
				589300CF20A3C6C20088E887 /* swift-objc-bridge.app */,
			);
			name = Products;
			sourceTree = "<group>";
		};
		589300D120A3C6C20088E887 /* swift-objc-bridge */ = {
			isa = PBXGroup;
			children = (
				589300D220A3C6C20088E887 /* AppDelegate.swift */,
				589300D420A3C6C20088E887 /* ViewController.swift */,
				589300E420A3C7090088E887 /* Supporting Files */,
			);
			path = "swift-objc-bridge";
			sourceTree = "<group>";
		};
		589300E420A3C7090088E887 /* Supporting Files */ = {
			isa = PBXGroup;
			children = (
				589300D620A3C6C20088E887 /* Main.storyboard */,
				589300D920A3C6C30088E887 /* Assets.xcassets */,
				589300DB20A3C6C30088E887 /* LaunchScreen.storyboard */,
				589300DE20A3C6C30088E887 /* Info.plist */,
			);
			path = "Supporting Files";
			sourceTree = "<group>";
		};
/* End PBXGroup section */

/* Begin PBXNativeTarget section */
		589300CE20A3C6C20088E887 /* swift-objc-bridge */ = {
			isa = PBXNativeTarget;
			buildConfigurationList = 589300E120A3C6C30088E887 /* Build configuration list for PBXNativeTarget "swift-objc-bridge" */;
			buildPhases = (
				589300CB20A3C6C20088E887 /* Sources */,
				589300CC20A3C6C20088E887 /* Frameworks */,
				589300CD20A3C6C20088E887 /* Resources */,
			);
			buildRules = (
			);
			dependencies = (
			);
			name = "swift-objc-bridge";
			productName = "swift-objc-bridge";
			productReference = 589300CF20A3C6C20088E887 /* swift-objc-bridge.app */;
			productType = "com.apple.product-type.application";
		};
/* End PBXNativeTarget section */

/* Begin PBXProject section */
		589300C720A3C6C20088E887 /* Project object */ = {
			isa = PBXProject;
			attributes = {
				LastSwiftUpdateCheck = 0930;
				LastUpgradeCheck = 0930;
				ORGANIZATIONNAME = songzhou;
				TargetAttributes = {
					589300CE20A3C6C20088E887 = {
						CreatedOnToolsVersion = 9.3;
					};
				};
			};
			buildConfigurationList = 589300CA20A3C6C20088E887 /* Build configuration list for PBXProject "swift-objc-bridge" */;
			compatibilityVersion = "Xcode 9.3";
			developmentRegion = en;
			hasScannedForEncodings = 0;
			knownRegions = (
				en,
				Base,
			);
			mainGroup = 589300C620A3C6C20088E887;
			productRefGroup = 589300D020A3C6C20088E887 /* Products */;
			projectDirPath = "";
			projectRoot = "";
			targets = (
				589300CE20A3C6C20088E887 /* swift-objc-bridge */,
			);
		};
/* End PBXProject section */

/* Begin PBXResourcesBuildPhase section */
		589300CD20A3C6C20088E887 /* Resources */ = {
			isa = PBXResourcesBuildPhase;
			buildActionMask = 2147483647;
			files = (
				589300DD20A3C6C30088E887 /* LaunchScreen.storyboard in Resources */,
				589300DA20A3C6C30088E887 /* Assets.xcassets in Resources */,
				589300D820A3C6C20088E887 /* Main.storyboard in Resources */,
			);
			runOnlyForDeploymentPostprocessing = 0;
		};
/* End PBXResourcesBuildPhase section */

/* Begin PBXSourcesBuildPhase section */
		589300CB20A3C6C20088E887 /* Sources */ = {
			isa = PBXSourcesBuildPhase;
			buildActionMask = 2147483647;
			files = (
				589300D520A3C6C20088E887 /* ViewController.swift in Sources */,
				589300D320A3C6C20088E887 /* AppDelegate.swift in Sources */,
			);
			runOnlyForDeploymentPostprocessing = 0;
		};
/* End PBXSourcesBuildPhase section */

/* Begin PBXVariantGroup section */
		589300D620A3C6C20088E887 /* Main.storyboard */ = {
			isa = PBXVariantGroup;
			children = (
				589300D720A3C6C20088E887 /* Base */,
			);
			name = Main.storyboard;
			sourceTree = "<group>";
		};
		589300DB20A3C6C30088E887 /* LaunchScreen.storyboard */ = {
			isa = PBXVariantGroup;
			children = (
				589300DC20A3C6C30088E887 /* Base */,
			);
			name = LaunchScreen.storyboard;
			sourceTree = "<group>";
		};
/* End PBXVariantGroup section */

/* Begin XCBuildConfiguration section */
		589300DF20A3C6C30088E887 /* Debug */ = {
			isa = XCBuildConfiguration;
			buildSettings = {
				ALWAYS_SEARCH_USER_PATHS = NO;
				CLANG_ANALYZER_NONNULL = YES;
				CLANG_ANALYZER_NUMBER_OBJECT_CONVERSION = YES_AGGRESSIVE;
				CLANG_CXX_LANGUAGE_STANDARD = "gnu++14";
				CLANG_CXX_LIBRARY = "libc++";
				CLANG_ENABLE_MODULES = YES;
				CLANG_ENABLE_OBJC_ARC = YES;
				CLANG_ENABLE_OBJC_WEAK = YES;
				CLANG_WARN_BLOCK_CAPTURE_AUTORELEASING = YES;
				CLANG_WARN_BOOL_CONVERSION = YES;
				CLANG_WARN_COMMA = YES;
				CLANG_WARN_CONSTANT_CONVERSION = YES;
				CLANG_WARN_DEPRECATED_OBJC_IMPLEMENTATIONS = YES;
				CLANG_WARN_DIRECT_OBJC_ISA_USAGE = YES_ERROR;
				CLANG_WARN_DOCUMENTATION_COMMENTS = YES;
				CLANG_WARN_EMPTY_BODY = YES;
				CLANG_WARN_ENUM_CONVERSION = YES;
				CLANG_WARN_INFINITE_RECURSION = YES;
				CLANG_WARN_INT_CONVERSION = YES;
				CLANG_WARN_NON_LITERAL_NULL_CONVERSION = YES;
				CLANG_WARN_OBJC_IMPLICIT_RETAIN_SELF = YES;
				CLANG_WARN_OBJC_LITERAL_CONVERSION = YES;
				CLANG_WARN_OBJC_ROOT_CLASS = YES_ERROR;
				CLANG_WARN_RANGE_LOOP_ANALYSIS = YES;
				CLANG_WARN_STRICT_PROTOTYPES = YES;
				CLANG_WARN_SUSPICIOUS_MOVE = YES;
				CLANG_WARN_UNGUARDED_AVAILABILITY = YES_AGGRESSIVE;
				CLANG_WARN_UNREACHABLE_CODE = YES;
				CLANG_WARN__DUPLICATE_METHOD_MATCH = YES;
				CODE_SIGN_IDENTITY = "iPhone Developer";
				COPY_PHASE_STRIP = NO;
				DEBUG_INFORMATION_FORMAT = dwarf;
				ENABLE_STRICT_OBJC_MSGSEND = YES;
				ENABLE_TESTABILITY = YES;
				GCC_C_LANGUAGE_STANDARD = gnu11;
				GCC_DYNAMIC_NO_PIC = NO;
				GCC_NO_COMMON_BLOCKS = YES;
				GCC_OPTIMIZATION_LEVEL = 0;
				GCC_PREPROCESSOR_DEFINITIONS = (
					"DEBUG=1",
					"$(inherited)",
				);
				GCC_WARN_64_TO_32_BIT_CONVERSION = YES;
				GCC_WARN_ABOUT_RETURN_TYPE = YES_ERROR;
				GCC_WARN_UNDECLARED_SELECTOR = YES;
				GCC_WARN_UNINITIALIZED_AUTOS = YES_AGGRESSIVE;
				GCC_WARN_UNUSED_FUNCTION = YES;
				GCC_WARN_UNUSED_VARIABLE = YES;
				IPHONEOS_DEPLOYMENT_TARGET = 11.3;
				MTL_ENABLE_DEBUG_INFO = YES;
				ONLY_ACTIVE_ARCH = YES;
				SDKROOT = iphoneos;
				SWIFT_ACTIVE_COMPILATION_CONDITIONS = DEBUG;
				SWIFT_OPTIMIZATION_LEVEL = "-Onone";
			};
			name = Debug;
		};
		589300E020A3C6C30088E887 /* Release */ = {
			isa = XCBuildConfiguration;
			buildSettings = {
				ALWAYS_SEARCH_USER_PATHS = NO;
				CLANG_ANALYZER_NONNULL = YES;
				CLANG_ANALYZER_NUMBER_OBJECT_CONVERSION = YES_AGGRESSIVE;
				CLANG_CXX_LANGUAGE_STANDARD = "gnu++14";
				CLANG_CXX_LIBRARY = "libc++";
				CLANG_ENABLE_MODULES = YES;
				CLANG_ENABLE_OBJC_ARC = YES;
				CLANG_ENABLE_OBJC_WEAK = YES;
				CLANG_WARN_BLOCK_CAPTURE_AUTORELEASING = YES;
				CLANG_WARN_BOOL_CONVERSION = YES;
				CLANG_WARN_COMMA = YES;
				CLANG_WARN_CONSTANT_CONVERSION = YES;
				CLANG_WARN_DEPRECATED_OBJC_IMPLEMENTATIONS = YES;
				CLANG_WARN_DIRECT_OBJC_ISA_USAGE = YES_ERROR;
				CLANG_WARN_DOCUMENTATION_COMMENTS = YES;
				CLANG_WARN_EMPTY_BODY = YES;
				CLANG_WARN_ENUM_CONVERSION = YES;
				CLANG_WARN_INFINITE_RECURSION = YES;
				CLANG_WARN_INT_CONVERSION = YES;
				CLANG_WARN_NON_LITERAL_NULL_CONVERSION = YES;
				CLANG_WARN_OBJC_IMPLICIT_RETAIN_SELF = YES;
				CLANG_WARN_OBJC_LITERAL_CONVERSION = YES;
				CLANG_WARN_OBJC_ROOT_CLASS = YES_ERROR;
				CLANG_WARN_RANGE_LOOP_ANALYSIS = YES;
				CLANG_WARN_STRICT_PROTOTYPES = YES;
				CLANG_WARN_SUSPICIOUS_MOVE = YES;
				CLANG_WARN_UNGUARDED_AVAILABILITY = YES_AGGRESSIVE;
				CLANG_WARN_UNREACHABLE_CODE = YES;
				CLANG_WARN__DUPLICATE_METHOD_MATCH = YES;
				CODE_SIGN_IDENTITY = "iPhone Developer";
				COPY_PHASE_STRIP = NO;
				DEBUG_INFORMATION_FORMAT = "dwarf-with-dsym";
				ENABLE_NS_ASSERTIONS = NO;
				ENABLE_STRICT_OBJC_MSGSEND = YES;
				GCC_C_LANGUAGE_STANDARD = gnu11;
				GCC_NO_COMMON_BLOCKS = YES;
				GCC_WARN_64_TO_32_BIT_CONVERSION = YES;
				GCC_WARN_ABOUT_RETURN_TYPE = YES_ERROR;
				GCC_WARN_UNDECLARED_SELECTOR = YES;
				GCC_WARN_UNINITIALIZED_AUTOS = YES_AGGRESSIVE;
				GCC_WARN_UNUSED_FUNCTION = YES;
				GCC_WARN_UNUSED_VARIABLE = YES;
				IPHONEOS_DEPLOYMENT_TARGET = 11.3;
				MTL_ENABLE_DEBUG_INFO = NO;
				SDKROOT = iphoneos;
				SWIFT_COMPILATION_MODE = wholemodule;
				SWIFT_OPTIMIZATION_LEVEL = "-O";
				VALIDATE_PRODUCT = YES;
			};
			name = Release;
		};
		589300E220A3C6C30088E887 /* Debug */ = {
			isa = XCBuildConfiguration;
			buildSettings = {
				ASSETCATALOG_COMPILER_APPICON_NAME = AppIcon;
				CODE_SIGN_STYLE = Automatic;
				DEVELOPMENT_TEAM = 2484Z5XMVT;
				INFOPLIST_FILE = "swift-objc-bridge/Info.plist";
				LD_RUNPATH_SEARCH_PATHS = (
					"$(inherited)",
					"@executable_path/Frameworks",
				);
				PRODUCT_BUNDLE_IDENTIFIER = "me.songzhou.swift-objc-bridge";
				PRODUCT_NAME = "$(TARGET_NAME)";
				SWIFT_VERSION = 4.0;
				TARGETED_DEVICE_FAMILY = "1,2";
			};
			name = Debug;
		};
		589300E320A3C6C30088E887 /* Release */ = {
			isa = XCBuildConfiguration;
			buildSettings = {
				ASSETCATALOG_COMPILER_APPICON_NAME = AppIcon;
				CODE_SIGN_STYLE = Automatic;
				DEVELOPMENT_TEAM = 2484Z5XMVT;
				INFOPLIST_FILE = "swift-objc-bridge/Info.plist";
				LD_RUNPATH_SEARCH_PATHS = (
					"$(inherited)",
					"@executable_path/Frameworks",
				);
				PRODUCT_BUNDLE_IDENTIFIER = "me.songzhou.swift-objc-bridge";
				PRODUCT_NAME = "$(TARGET_NAME)";
				SWIFT_VERSION = 4.0;
				TARGETED_DEVICE_FAMILY = "1,2";
			};
			name = Release;
		};
/* End XCBuildConfiguration section */

/* Begin XCConfigurationList section */
		589300CA20A3C6C20088E887 /* Build configuration list for PBXProject "swift-objc-bridge" */ = {
			isa = XCConfigurationList;
			buildConfigurations = (
				589300DF20A3C6C30088E887 /* Debug */,
				589300E020A3C6C30088E887 /* Release */,
			);
			defaultConfigurationIsVisible = 0;
			defaultConfigurationName = Release;
		};
		589300E120A3C6C30088E887 /* Build configuration list for PBXNativeTarget "swift-objc-bridge" */ = {
			isa = XCConfigurationList;
			buildConfigurations = (
				589300E220A3C6C30088E887 /* Debug */,
				589300E320A3C6C30088E887 /* Release */,
			);
			defaultConfigurationIsVisible = 0;
			defaultConfigurationName = Release;
		};
/* End XCConfigurationList section */
	};
	rootObject = 589300C720A3C6C20088E887 /* Project object */;
}
